
Microsoft Visual Studio Solution File, Format Version 12.00
# Visual Studio Version 17
VisualStudioVersion = 17.4.33103.184
MinimumVisualStudioVersion = 10.0.40219.1
Project("{FAE04EC0-301F-11D3-BF4B-00C04F79EFBC}") = "web.api.inlock.codeFirst.manha", "web.api.inlock.codeFirst.manha.csproj", "{0832BC38-49FD-4C36-AD1E-9D0C8F6DB029}"
EndProject
Global
	GlobalSection(SolutionConfigurationPlatforms) = preSolution
		Debug|Any CPU = Debug|Any CPU
		Release|Any CPU = Release|Any CPU
	EndGlobalSection
	GlobalSection(ProjectConfigurationPlatforms) = postSolution
		{0832BC38-49FD-4C36-AD1E-9D0C8F6DB029}.Debug|Any CPU.ActiveCfg = Debug|Any CPU
		{0832BC38-49FD-4C36-AD1E-9D0C8F6DB029}.Debug|Any CPU.Build.0 = Debug|Any CPU
		{0832BC38-49FD-4C36-AD1E-9D0C8F6DB029}.Release|Any CPU.ActiveCfg = Release|Any CPU
		{0832BC38-49FD-4C36-AD1E-9D0C8F6DB029}.Release|Any CPU.Build.0 = Release|Any CPU
	EndGlobalSection
	GlobalSection(SolutionProperties) = preSolution
		HideSolutionNode = FALSE
	EndGlobalSection
	GlobalSection(ExtensibilityGlobals) = postSolution
		SolutionGuid = {E33000D8-20D4-4A53-A27C-51955B20DE05}
	EndGlobalSection
EndGlobal
